
Microsoft Visual Studio Solution File, Format Version 12.00
# Visual Studio Version 17
VisualStudioVersion = 17.5.002.0
MinimumVisualStudioVersion = 10.0.40219.1
Project("{9A19103F-16F7-4668-BE54-9A1E7A4F7556}") = "PROYECTO_IO_0", "PROYECTO_IO_0.csproj", "{33D0642E-8446-46CB-A0DE-0CFDD3D3BA0E}"
EndProject
Global
	GlobalSection(SolutionConfigurationPlatforms) = preSolution
		Debug|Any CPU = Debug|Any CPU
		Release|Any CPU = Release|Any CPU
	EndGlobalSection
	GlobalSection(ProjectConfigurationPlatforms) = postSolution
		{33D0642E-8446-46CB-A0DE-0CFDD3D3BA0E}.Debug|Any CPU.ActiveCfg = Debug|Any CPU
		{33D0642E-8446-46CB-A0DE-0CFDD3D3BA0E}.Debug|Any CPU.Build.0 = Debug|Any CPU
		{33D0642E-8446-46CB-A0DE-0CFDD3D3BA0E}.Release|Any CPU.ActiveCfg = Release|Any CPU
		{33D0642E-8446-46CB-A0DE-0CFDD3D3BA0E}.Release|Any CPU.Build.0 = Release|Any CPU
	EndGlobalSection
	GlobalSection(SolutionProperties) = preSolution
		HideSolutionNode = FALSE
	EndGlobalSection
	GlobalSection(ExtensibilityGlobals) = postSolution
		SolutionGuid = {C34976E9-01B0-429A-88A8-34F62FC4256D}
	EndGlobalSection
EndGlobal
